
Microsoft Visual Studio Solution File, Format Version 12.00
# Visual Studio Version 16
VisualStudioVersion = 16.0.30804.86
MinimumVisualStudioVersion = 10.0.40219.1
Project("{FAE04EC0-301F-11D3-BF4B-00C04F79EFBC}") = "ApiWebUsers", "ApiWebUsers\ApiWebUsers.csproj", "{BC2E95E2-6D92-46BB-AA72-42433CA98AA2}"
EndProject
Project("{FAE04EC0-301F-11D3-BF4B-00C04F79EFBC}") = "WebServices", "WebServices\WebServices.csproj", "{2CB41491-4394-47FD-9FBC-6825DA17F6C3}"
EndProject
Global
	GlobalSection(SolutionConfigurationPlatforms) = preSolution
		Debug|Any CPU = Debug|Any CPU
		Release|Any CPU = Release|Any CPU
	EndGlobalSection
	GlobalSection(ProjectConfigurationPlatforms) = postSolution
		{BC2E95E2-6D92-46BB-AA72-42433CA98AA2}.Debug|Any CPU.ActiveCfg = Debug|Any CPU
		{BC2E95E2-6D92-46BB-AA72-42433CA98AA2}.Debug|Any CPU.Build.0 = Debug|Any CPU
		{BC2E95E2-6D92-46BB-AA72-42433CA98AA2}.Release|Any CPU.ActiveCfg = Release|Any CPU
		{BC2E95E2-6D92-46BB-AA72-42433CA98AA2}.Release|Any CPU.Build.0 = Release|Any CPU
		{2CB41491-4394-47FD-9FBC-6825DA17F6C3}.Debug|Any CPU.ActiveCfg = Debug|Any CPU
		{2CB41491-4394-47FD-9FBC-6825DA17F6C3}.Debug|Any CPU.Build.0 = Debug|Any CPU
		{2CB41491-4394-47FD-9FBC-6825DA17F6C3}.Release|Any CPU.ActiveCfg = Release|Any CPU
		{2CB41491-4394-47FD-9FBC-6825DA17F6C3}.Release|Any CPU.Build.0 = Release|Any CPU
	EndGlobalSection
	GlobalSection(SolutionProperties) = preSolution
		HideSolutionNode = FALSE
	EndGlobalSection
	GlobalSection(ExtensibilityGlobals) = postSolution
		SolutionGuid = {08C388CF-1601-4F81-A0C8-457F2D29953B}
	EndGlobalSection
EndGlobal
